// !$*UTF8*$!
{
	archiveVersion = 1;
	classes = {
	};
	objectVersion = 50;
	objects = {

/* Begin PBXBuildFile section */
		40EB7ED72D9BCE7C791E503A /* Pods_Tinder.framework in Frameworks */ = {isa = PBXBuildFile; fileRef = B75F6A70E47264C7CCB81230 /* Pods_Tinder.framework */; };
		425836D62111944100B0B5DB /* ProfileViewController.swift in Sources */ = {isa = PBXBuildFile; fileRef = 425836D52111944100B0B5DB /* ProfileViewController.swift */; };
		425836D82113119D00B0B5DB /* MessageTableViewCell.swift in Sources */ = {isa = PBXBuildFile; fileRef = 425836D72113119D00B0B5DB /* MessageTableViewCell.swift */; };
		425836DA211316C000B0B5DB /* MessageViewController.swift in Sources */ = {isa = PBXBuildFile; fileRef = 425836D9211316C000B0B5DB /* MessageViewController.swift */; };
		42D88C27210F0A6500B7465A /* AppDelegate.swift in Sources */ = {isa = PBXBuildFile; fileRef = 42D88C26210F0A6500B7465A /* AppDelegate.swift */; };
		42D88C29210F0A6500B7465A /* ViewController.swift in Sources */ = {isa = PBXBuildFile; fileRef = 42D88C28210F0A6500B7465A /* ViewController.swift */; };
		42D88C2C210F0A6500B7465A /* Main.storyboard in Resources */ = {isa = PBXBuildFile; fileRef = 42D88C2A210F0A6500B7465A /* Main.storyboard */; };
		42D88C2E210F0A6600B7465A /* Assets.xcassets in Resources */ = {isa = PBXBuildFile; fileRef = 42D88C2D210F0A6600B7465A /* Assets.xcassets */; };
		42D88C31210F0A6600B7465A /* LaunchScreen.storyboard in Resources */ = {isa = PBXBuildFile; fileRef = 42D88C2F210F0A6600B7465A /* LaunchScreen.storyboard */; };
		42D88C392110667F00B7465A /* LogInViewController.swift in Sources */ = {isa = PBXBuildFile; fileRef = 42D88C382110667F00B7465A /* LogInViewController.swift */; };
/* End PBXBuildFile section */

/* Begin PBXFileReference section */
		15553C31FA03884ECE5C5B04 /* Pods-Tinder.release.xcconfig */ = {isa = PBXFileReference; includeInIndex = 1; lastKnownFileType = text.xcconfig; name = "Pods-Tinder.release.xcconfig"; path = "Pods/Target Support Files/Pods-Tinder/Pods-Tinder.release.xcconfig"; sourceTree = "<group>"; };
		425836D52111944100B0B5DB /* ProfileViewController.swift */ = {isa = PBXFileReference; lastKnownFileType = sourcecode.swift; path = ProfileViewController.swift; sourceTree = "<group>"; };
		425836D72113119D00B0B5DB /* MessageTableViewCell.swift */ = {isa = PBXFileReference; lastKnownFileType = sourcecode.swift; path = MessageTableViewCell.swift; sourceTree = "<group>"; };
		425836D9211316C000B0B5DB /* MessageViewController.swift */ = {isa = PBXFileReference; lastKnownFileType = sourcecode.swift; path = MessageViewController.swift; sourceTree = "<group>"; };
		42D88C23210F0A6500B7465A /* Tinder.app */ = {isa = PBXFileReference; explicitFileType = wrapper.application; includeInIndex = 0; path = Tinder.app; sourceTree = BUILT_PRODUCTS_DIR; };
		42D88C26210F0A6500B7465A /* AppDelegate.swift */ = {isa = PBXFileReference; lastKnownFileType = sourcecode.swift; path = AppDelegate.swift; sourceTree = "<group>"; };
		42D88C28210F0A6500B7465A /* ViewController.swift */ = {isa = PBXFileReference; lastKnownFileType = sourcecode.swift; path = ViewController.swift; sourceTree = "<group>"; };
		42D88C2B210F0A6500B7465A /* Base */ = {isa = PBXFileReference; lastKnownFileType = file.storyboard; name = Base; path = Base.lproj/Main.storyboard; sourceTree = "<group>"; };
		42D88C2D210F0A6600B7465A /* Assets.xcassets */ = {isa = PBXFileReference; lastKnownFileType = folder.assetcatalog; path = Assets.xcassets; sourceTree = "<group>"; };
		42D88C30210F0A6600B7465A /* Base */ = {isa = PBXFileReference; lastKnownFileType = file.storyboard; name = Base; path = Base.lproj/LaunchScreen.storyboard; sourceTree = "<group>"; };
		42D88C32210F0A6600B7465A /* Info.plist */ = {isa = PBXFileReference; lastKnownFileType = text.plist.xml; path = Info.plist; sourceTree = "<group>"; };
		42D88C382110667F00B7465A /* LogInViewController.swift */ = {isa = PBXFileReference; lastKnownFileType = sourcecode.swift; path = LogInViewController.swift; sourceTree = "<group>"; };
		84B1DEE0CFE8852022314E0A /* Pods-Tinder.debug.xcconfig */ = {isa = PBXFileReference; includeInIndex = 1; lastKnownFileType = text.xcconfig; name = "Pods-Tinder.debug.xcconfig"; path = "Pods/Target Support Files/Pods-Tinder/Pods-Tinder.debug.xcconfig"; sourceTree = "<group>"; };
		B75F6A70E47264C7CCB81230 /* Pods_Tinder.framework */ = {isa = PBXFileReference; explicitFileType = wrapper.framework; includeInIndex = 0; path = Pods_Tinder.framework; sourceTree = BUILT_PRODUCTS_DIR; };
/* End PBXFileReference section */

/* Begin PBXFrameworksBuildPhase section */
		42D88C20210F0A6500B7465A /* Frameworks */ = {
			isa = PBXFrameworksBuildPhase;
			buildActionMask = 2147483647;
			files = (
				40EB7ED72D9BCE7C791E503A /* Pods_Tinder.framework in Frameworks */,
			);
			runOnlyForDeploymentPostprocessing = 0;
		};
/* End PBXFrameworksBuildPhase section */

/* Begin PBXGroup section */
		42D88C1A210F0A6500B7465A = {
			isa = PBXGroup;
			children = (
				42D88C25210F0A6500B7465A /* Tinder */,
				42D88C24210F0A6500B7465A /* Products */,
				A99D62ACBFCF8288FE37DD49 /* Pods */,
				FCE28549A15048AFEE87BB17 /* Frameworks */,
			);
			sourceTree = "<group>";
		};
		42D88C24210F0A6500B7465A /* Products */ = {
			isa = PBXGroup;
			children = (
				42D88C23210F0A6500B7465A /* Tinder.app */,
			);
			name = Products;
			sourceTree = "<group>";
		};
		42D88C25210F0A6500B7465A /* Tinder */ = {
			isa = PBXGroup;
			children = (
				42D88C26210F0A6500B7465A /* AppDelegate.swift */,
				42D88C28210F0A6500B7465A /* ViewController.swift */,
				42D88C2A210F0A6500B7465A /* Main.storyboard */,
				42D88C2D210F0A6600B7465A /* Assets.xcassets */,
				42D88C2F210F0A6600B7465A /* LaunchScreen.storyboard */,
				42D88C32210F0A6600B7465A /* Info.plist */,
				42D88C382110667F00B7465A /* LogInViewController.swift */,
				425836D52111944100B0B5DB /* ProfileViewController.swift */,
				425836D72113119D00B0B5DB /* MessageTableViewCell.swift */,
				425836D9211316C000B0B5DB /* MessageViewController.swift */,
			);
			path = Tinder;
			sourceTree = "<group>";
		};
		A99D62ACBFCF8288FE37DD49 /* Pods */ = {
			isa = PBXGroup;
			children = (
				84B1DEE0CFE8852022314E0A /* Pods-Tinder.debug.xcconfig */,
				15553C31FA03884ECE5C5B04 /* Pods-Tinder.release.xcconfig */,
			);
			name = Pods;
			sourceTree = "<group>";
		};
		FCE28549A15048AFEE87BB17 /* Frameworks */ = {
			isa = PBXGroup;
			children = (
				B75F6A70E47264C7CCB81230 /* Pods_Tinder.framework */,
			);
			name = Frameworks;
			sourceTree = "<group>";
		};
/* End PBXGroup section */

/* Begin PBXNativeTarget section */
		42D88C22210F0A6500B7465A /* Tinder */ = {
			isa = PBXNativeTarget;
			buildConfigurationList = 42D88C35210F0A6600B7465A /* Build configuration list for PBXNativeTarget "Tinder" */;
			buildPhases = (
				32C0B05A8788749BB0B0B5C7 /* [CP] Check Pods Manifest.lock */,
				42D88C1F210F0A6500B7465A /* Sources */,
				42D88C20210F0A6500B7465A /* Frameworks */,
				42D88C21210F0A6500B7465A /* Resources */,
				67DBF0FC5A7FF20BA41F5D96 /* [CP] Embed Pods Frameworks */,
				46C4BD5BA1E50BB8A0104794 /* [CP] Copy Pods Resources */,
			);
			buildRules = (
			);
			dependencies = (
			);
			name = Tinder;
			productName = Tinder;
			productReference = 42D88C23210F0A6500B7465A /* Tinder.app */;
			productType = "com.apple.product-type.application";
		};
/* End PBXNativeTarget section */

/* Begin PBXProject section */
		42D88C1B210F0A6500B7465A /* Project object */ = {
			isa = PBXProject;
			attributes = {
				LastSwiftUpdateCheck = 0940;
				LastUpgradeCheck = 0940;
				ORGANIZATIONNAME = ChrisYoung;
				TargetAttributes = {
					42D88C22210F0A6500B7465A = {
						CreatedOnToolsVersion = 9.4.1;
					};
				};
			};
			buildConfigurationList = 42D88C1E210F0A6500B7465A /* Build configuration list for PBXProject "Tinder" */;
			compatibilityVersion = "Xcode 9.3";
			developmentRegion = en;
			hasScannedForEncodings = 0;
			knownRegions = (
				en,
				Base,
			);
			mainGroup = 42D88C1A210F0A6500B7465A;
			productRefGroup = 42D88C24210F0A6500B7465A /* Products */;
			projectDirPath = "";
			projectRoot = "";
			targets = (
				42D88C22210F0A6500B7465A /* Tinder */,
			);
		};
/* End PBXProject section */

/* Begin PBXResourcesBuildPhase section */
		42D88C21210F0A6500B7465A /* Resources */ = {
			isa = PBXResourcesBuildPhase;
			buildActionMask = 2147483647;
			files = (
				42D88C31210F0A6600B7465A /* LaunchScreen.storyboard in Resources */,
				42D88C2E210F0A6600B7465A /* Assets.xcassets in Resources */,
				42D88C2C210F0A6500B7465A /* Main.storyboard in Resources */,
			);
			runOnlyForDeploymentPostprocessing = 0;
		};
/* End PBXResourcesBuildPhase section */

/* Begin PBXShellScriptBuildPhase section */
		32C0B05A8788749BB0B0B5C7 /* [CP] Check Pods Manifest.lock */ = {
			isa = PBXShellScriptBuildPhase;
			buildActionMask = 2147483647;
			files = (
			);
			inputPaths = (
				"${PODS_PODFILE_DIR_PATH}/Podfile.lock",
				"${PODS_ROOT}/Manifest.lock",
			);
			name = "[CP] Check Pods Manifest.lock";
			outputPaths = (
				"$(DERIVED_FILE_DIR)/Pods-Tinder-checkManifestLockResult.txt",
			);
			runOnlyForDeploymentPostprocessing = 0;
			shellPath = /bin/sh;
			shellScript = "diff \"${PODS_PODFILE_DIR_PATH}/Podfile.lock\" \"${PODS_ROOT}/Manifest.lock\" > /dev/null\nif [ $? != 0 ] ; then\n    # print error to STDERR\n    echo \"error: The sandbox is not in sync with the Podfile.lock. Run 'pod install' or update your CocoaPods installation.\" >&2\n    exit 1\nfi\n# This output is used by Xcode 'outputs' to avoid re-running this script phase.\necho \"SUCCESS\" > \"${SCRIPT_OUTPUT_FILE_0}\"\n";
			showEnvVarsInLog = 0;
		};
		46C4BD5BA1E50BB8A0104794 /* [CP] Copy Pods Resources */ = {
			isa = PBXShellScriptBuildPhase;
			buildActionMask = 2147483647;
			files = (
			);
			inputPaths = (
			);
			name = "[CP] Copy Pods Resources";
			outputPaths = (
			);
			runOnlyForDeploymentPostprocessing = 0;
			shellPath = /bin/sh;
			shellScript = "\"${SRCROOT}/Pods/Target Support Files/Pods-Tinder/Pods-Tinder-resources.sh\"\n";
			showEnvVarsInLog = 0;
		};
		67DBF0FC5A7FF20BA41F5D96 /* [CP] Embed Pods Frameworks */ = {
			isa = PBXShellScriptBuildPhase;
			buildActionMask = 2147483647;
			files = (
			);
			inputPaths = (
				"${SRCROOT}/Pods/Target Support Files/Pods-Tinder/Pods-Tinder-frameworks.sh",
				"${BUILT_PRODUCTS_DIR}/Bolts/Bolts.framework",
				"${BUILT_PRODUCTS_DIR}/Parse/Parse.framework",
			);
			name = "[CP] Embed Pods Frameworks";
			outputPaths = (
				"${TARGET_BUILD_DIR}/${FRAMEWORKS_FOLDER_PATH}/Bolts.framework",
				"${TARGET_BUILD_DIR}/${FRAMEWORKS_FOLDER_PATH}/Parse.framework",
			);
			runOnlyForDeploymentPostprocessing = 0;
			shellPath = /bin/sh;
			shellScript = "\"${SRCROOT}/Pods/Target Support Files/Pods-Tinder/Pods-Tinder-frameworks.sh\"\n";
			showEnvVarsInLog = 0;
		};
/* End PBXShellScriptBuildPhase section */

/* Begin PBXSourcesBuildPhase section */
		42D88C1F210F0A6500B7465A /* Sources */ = {
			isa = PBXSourcesBuildPhase;
			buildActionMask = 2147483647;
			files = (
				42D88C29210F0A6500B7465A /* ViewController.swift in Sources */,
				42D88C27210F0A6500B7465A /* AppDelegate.swift in Sources */,
				425836D62111944100B0B5DB /* ProfileViewController.swift in Sources */,
				425836D82113119D00B0B5DB /* MessageTableViewCell.swift in Sources */,
				425836DA211316C000B0B5DB /* MessageViewController.swift in Sources */,
				42D88C392110667F00B7465A /* LogInViewController.swift in Sources */,
			);
			runOnlyForDeploymentPostprocessing = 0;
		};
/* End PBXSourcesBuildPhase section */

/* Begin PBXVariantGroup section */
		42D88C2A210F0A6500B7465A /* Main.storyboard */ = {
			isa = PBXVariantGroup;
			children = (
				42D88C2B210F0A6500B7465A /* Base */,
			);
			name = Main.storyboard;
			sourceTree = "<group>";
		};
		42D88C2F210F0A6600B7465A /* LaunchScreen.storyboard */ = {
			isa = PBXVariantGroup;
			children = (
				42D88C30210F0A6600B7465A /* Base */,
			);
			name = LaunchScreen.storyboard;
			sourceTree = "<group>";
		};
/* End PBXVariantGroup section */

/* Begin XCBuildConfiguration section */
		42D88C33210F0A6600B7465A /* Debug */ = {
			isa = XCBuildConfiguration;
			buildSettings = {
				ALWAYS_SEARCH_USER_PATHS = NO;
				CLANG_ANALYZER_NONNULL = YES;
				CLANG_ANALYZER_NUMBER_OBJECT_CONVERSION = YES_AGGRESSIVE;
				CLANG_CXX_LANGUAGE_STANDARD = "gnu++14";
				CLANG_CXX_LIBRARY = "libc++";
				CLANG_ENABLE_MODULES = YES;
				CLANG_ENABLE_OBJC_ARC = YES;
				CLANG_ENABLE_OBJC_WEAK = YES;
				CLANG_WARN_BLOCK_CAPTURE_AUTORELEASING = YES;
				CLANG_WARN_BOOL_CONVERSION = YES;
				CLANG_WARN_COMMA = YES;
				CLANG_WARN_CONSTANT_CONVERSION = YES;
				CLANG_WARN_DEPRECATED_OBJC_IMPLEMENTATIONS = YES;
				CLANG_WARN_DIRECT_OBJC_ISA_USAGE = YES_ERROR;
				CLANG_WARN_DOCUMENTATION_COMMENTS = YES;
				CLANG_WARN_EMPTY_BODY = YES;
				CLANG_WARN_ENUM_CONVERSION = YES;
				CLANG_WARN_INFINITE_RECURSION = YES;
				CLANG_WARN_INT_CONVERSION = YES;
				CLANG_WARN_NON_LITERAL_NULL_CONVERSION = YES;
				CLANG_WARN_OBJC_IMPLICIT_RETAIN_SELF = YES;
				CLANG_WARN_OBJC_LITERAL_CONVERSION = YES;
				CLANG_WARN_OBJC_ROOT_CLASS = YES_ERROR;
				CLANG_WARN_RANGE_LOOP_ANALYSIS = YES;
				CLANG_WARN_STRICT_PROTOTYPES = YES;
				CLANG_WARN_SUSPICIOUS_MOVE = YES;
				CLANG_WARN_UNGUARDED_AVAILABILITY = YES_AGGRESSIVE;
				CLANG_WARN_UNREACHABLE_CODE = YES;
				CLANG_WARN__DUPLICATE_METHOD_MATCH = YES;
				CODE_SIGN_IDENTITY = "iPhone Developer";
				COPY_PHASE_STRIP = NO;
				DEBUG_INFORMATION_FORMAT = dwarf;
				ENABLE_STRICT_OBJC_MSGSEND = YES;
				ENABLE_TESTABILITY = YES;
				GCC_C_LANGUAGE_STANDARD = gnu11;
				GCC_DYNAMIC_NO_PIC = NO;
				GCC_NO_COMMON_BLOCKS = YES;
				GCC_OPTIMIZATION_LEVEL = 0;
				GCC_PREPROCESSOR_DEFINITIONS = (
					"DEBUG=1",
					"$(inherited)",
				);
				GCC_WARN_64_TO_32_BIT_CONVERSION = YES;
				GCC_WARN_ABOUT_RETURN_TYPE = YES_ERROR;
				GCC_WARN_UNDECLARED_SELECTOR = YES;
				GCC_WARN_UNINITIALIZED_AUTOS = YES_AGGRESSIVE;
				GCC_WARN_UNUSED_FUNCTION = YES;
				GCC_WARN_UNUSED_VARIABLE = YES;
				IPHONEOS_DEPLOYMENT_TARGET = 11.4;
				MTL_ENABLE_DEBUG_INFO = YES;
				ONLY_ACTIVE_ARCH = YES;
				SDKROOT = iphoneos;
				SWIFT_ACTIVE_COMPILATION_CONDITIONS = DEBUG;
				SWIFT_OPTIMIZATION_LEVEL = "-Onone";
			};
			name = Debug;
		};
		42D88C34210F0A6600B7465A /* Release */ = {
			isa = XCBuildConfiguration;
			buildSettings = {
				ALWAYS_SEARCH_USER_PATHS = NO;
				CLANG_ANALYZER_NONNULL = YES;
				CLANG_ANALYZER_NUMBER_OBJECT_CONVERSION = YES_AGGRESSIVE;
				CLANG_CXX_LANGUAGE_STANDARD = "gnu++14";
				CLANG_CXX_LIBRARY = "libc++";
				CLANG_ENABLE_MODULES = YES;
				CLANG_ENABLE_OBJC_ARC = YES;
				CLANG_ENABLE_OBJC_WEAK = YES;
				CLANG_WARN_BLOCK_CAPTURE_AUTORELEASING = YES;
				CLANG_WARN_BOOL_CONVERSION = YES;
				CLANG_WARN_COMMA = YES;
				CLANG_WARN_CONSTANT_CONVERSION = YES;
				CLANG_WARN_DEPRECATED_OBJC_IMPLEMENTATIONS = YES;
				CLANG_WARN_DIRECT_OBJC_ISA_USAGE = YES_ERROR;
				CLANG_WARN_DOCUMENTATION_COMMENTS = YES;
				CLANG_WARN_EMPTY_BODY = YES;
				CLANG_WARN_ENUM_CONVERSION = YES;
				CLANG_WARN_INFINITE_RECURSION = YES;
				CLANG_WARN_INT_CONVERSION = YES;
				CLANG_WARN_NON_LITERAL_NULL_CONVERSION = YES;
				CLANG_WARN_OBJC_IMPLICIT_RETAIN_SELF = YES;
				CLANG_WARN_OBJC_LITERAL_CONVERSION = YES;
				CLANG_WARN_OBJC_ROOT_CLASS = YES_ERROR;
				CLANG_WARN_RANGE_LOOP_ANALYSIS = YES;
				CLANG_WARN_STRICT_PROTOTYPES = YES;
				CLANG_WARN_SUSPICIOUS_MOVE = YES;
				CLANG_WARN_UNGUARDED_AVAILABILITY = YES_AGGRESSIVE;
				CLANG_WARN_UNREACHABLE_CODE = YES;
				CLANG_WARN__DUPLICATE_METHOD_MATCH = YES;
				CODE_SIGN_IDENTITY = "iPhone Developer";
				COPY_PHASE_STRIP = NO;
				DEBUG_INFORMATION_FORMAT = "dwarf-with-dsym";
				ENABLE_NS_ASSERTIONS = NO;
				ENABLE_STRICT_OBJC_MSGSEND = YES;
				GCC_C_LANGUAGE_STANDARD = gnu11;
				GCC_NO_COMMON_BLOCKS = YES;
				GCC_WARN_64_TO_32_BIT_CONVERSION = YES;
				GCC_WARN_ABOUT_RETURN_TYPE = YES_ERROR;
				GCC_WARN_UNDECLARED_SELECTOR = YES;
				GCC_WARN_UNINITIALIZED_AUTOS = YES_AGGRESSIVE;
				GCC_WARN_UNUSED_FUNCTION = YES;
				GCC_WARN_UNUSED_VARIABLE = YES;
				IPHONEOS_DEPLOYMENT_TARGET = 11.4;
				MTL_ENABLE_DEBUG_INFO = NO;
				SDKROOT = iphoneos;
				SWIFT_COMPILATION_MODE = wholemodule;
				SWIFT_OPTIMIZATION_LEVEL = "-O";
				VALIDATE_PRODUCT = YES;
			};
			name = Release;
		};
		42D88C36210F0A6600B7465A /* Debug */ = {
			isa = XCBuildConfiguration;
			baseConfigurationReference = 84B1DEE0CFE8852022314E0A /* Pods-Tinder.debug.xcconfig */;
			buildSettings = {
				ASSETCATALOG_COMPILER_APPICON_NAME = AppIcon;
				CODE_SIGN_STYLE = Automatic;
				DEVELOPMENT_TEAM = T9EWCF83UK;
				INFOPLIST_FILE = Tinder/Info.plist;
				LD_RUNPATH_SEARCH_PATHS = (
					"$(inherited)",
					"@executable_path/Frameworks",
				);
				PRODUCT_BUNDLE_IDENTIFIER = com.chrisyoung.Tinder;
				PRODUCT_NAME = "$(TARGET_NAME)";
				SWIFT_VERSION = 4.0;
				TARGETED_DEVICE_FAMILY = 1;
			};
			name = Debug;
		};
		42D88C37210F0A6600B7465A /* Release */ = {
			isa = XCBuildConfiguration;
			baseConfigurationReference = 15553C31FA03884ECE5C5B04 /* Pods-Tinder.release.xcconfig */;
			buildSettings = {
				ASSETCATALOG_COMPILER_APPICON_NAME = AppIcon;
				CODE_SIGN_STYLE = Automatic;
				DEVELOPMENT_TEAM = T9EWCF83UK;
				INFOPLIST_FILE = Tinder/Info.plist;
				LD_RUNPATH_SEARCH_PATHS = (
					"$(inherited)",
					"@executable_path/Frameworks",
				);
				PRODUCT_BUNDLE_IDENTIFIER = com.chrisyoung.Tinder;
				PRODUCT_NAME = "$(TARGET_NAME)";
				SWIFT_VERSION = 4.0;
				TARGETED_DEVICE_FAMILY = 1;
			};
			name = Release;
		};
/* End XCBuildConfiguration section */

/* Begin XCConfigurationList section */
		42D88C1E210F0A6500B7465A /* Build configuration list for PBXProject "Tinder" */ = {
			isa = XCConfigurationList;
			buildConfigurations = (
				42D88C33210F0A6600B7465A /* Debug */,
				42D88C34210F0A6600B7465A /* Release */,
			);
			defaultConfigurationIsVisible = 0;
			defaultConfigurationName = Release;
		};
		42D88C35210F0A6600B7465A /* Build configuration list for PBXNativeTarget "Tinder" */ = {
			isa = XCConfigurationList;
			buildConfigurations = (
				42D88C36210F0A6600B7465A /* Debug */,
				42D88C37210F0A6600B7465A /* Release */,
			);
			defaultConfigurationIsVisible = 0;
			defaultConfigurationName = Release;
		};
/* End XCConfigurationList section */
	};
	rootObject = 42D88C1B210F0A6500B7465A /* Project object */;
}
